
Microsoft Visual Studio Solution File, Format Version 12.00
# Visual Studio Version 16
VisualStudioVersion = 16.0.31112.23
MinimumVisualStudioVersion = 10.0.40219.1
Project("{FAE04EC0-301F-11D3-BF4B-00C04F79EFBC}") = "GerenciadorCartoesCredito", "GerenciadorCartoesCredito\GerenciadorCartoesCredito.csproj", "{1A55A43E-4EF7-40AB-910D-DA9CC3BD8435}"
EndProject
Global
	GlobalSection(SolutionConfigurationPlatforms) = preSolution
		Debug|Any CPU = Debug|Any CPU
		Release|Any CPU = Release|Any CPU
	EndGlobalSection
	GlobalSection(ProjectConfigurationPlatforms) = postSolution
		{1A55A43E-4EF7-40AB-910D-DA9CC3BD8435}.Debug|Any CPU.ActiveCfg = Debug|Any CPU
		{1A55A43E-4EF7-40AB-910D-DA9CC3BD8435}.Debug|Any CPU.Build.0 = Debug|Any CPU
		{1A55A43E-4EF7-40AB-910D-DA9CC3BD8435}.Release|Any CPU.ActiveCfg = Release|Any CPU
		{1A55A43E-4EF7-40AB-910D-DA9CC3BD8435}.Release|Any CPU.Build.0 = Release|Any CPU
	EndGlobalSection
	GlobalSection(SolutionProperties) = preSolution
		HideSolutionNode = FALSE
	EndGlobalSection
	GlobalSection(ExtensibilityGlobals) = postSolution
		SolutionGuid = {8751D2BB-0235-4187-A4A8-21232A93C18B}
	EndGlobalSection
EndGlobal
